
Microsoft Visual Studio Solution File, Format Version 12.00
# Visual Studio 15
VisualStudioVersion = 15.0.26730.16
MinimumVisualStudioVersion = 10.0.40219.1
Project("{FAE04EC0-301F-11D3-BF4B-00C04F79EFBC}") = "Create Folder Structure", "Create Folder Structure\Create Folder Structure.csproj", "{10780064-F6A4-4357-B079-340CBC1CBB60}"
EndProject
Global
	GlobalSection(SolutionConfigurationPlatforms) = preSolution
		Debug|Any CPU = Debug|Any CPU
		Release|Any CPU = Release|Any CPU
	EndGlobalSection
	GlobalSection(ProjectConfigurationPlatforms) = postSolution
		{10780064-F6A4-4357-B079-340CBC1CBB60}.Debug|Any CPU.ActiveCfg = Debug|Any CPU
		{10780064-F6A4-4357-B079-340CBC1CBB60}.Debug|Any CPU.Build.0 = Debug|Any CPU
		{10780064-F6A4-4357-B079-340CBC1CBB60}.Release|Any CPU.ActiveCfg = Release|Any CPU
		{10780064-F6A4-4357-B079-340CBC1CBB60}.Release|Any CPU.Build.0 = Release|Any CPU
	EndGlobalSection
	GlobalSection(SolutionProperties) = preSolution
		HideSolutionNode = FALSE
	EndGlobalSection
	GlobalSection(ExtensibilityGlobals) = postSolution
		SolutionGuid = {1897DEBA-BDA8-4A89-961C-332D9CB7B959}
	EndGlobalSection
EndGlobal
