
Microsoft Visual Studio Solution File, Format Version 12.00
# Visual Studio 15
VisualStudioVersion = 15.0.26730.16
MinimumVisualStudioVersion = 10.0.40219.1
Project("{FAE04EC0-301F-11D3-BF4B-00C04F79EFBC}") = "Change WSR Profile", "Change WSR Profile\Change WSR Profile.csproj", "{A31728DD-9F4A-41C6-8B32-ED1F74353623}"
EndProject
Global
	GlobalSection(SolutionConfigurationPlatforms) = preSolution
		Debug|Any CPU = Debug|Any CPU
		Release|Any CPU = Release|Any CPU
	EndGlobalSection
	GlobalSection(ProjectConfigurationPlatforms) = postSolution
		{A31728DD-9F4A-41C6-8B32-ED1F74353623}.Debug|Any CPU.ActiveCfg = Debug|Any CPU
		{A31728DD-9F4A-41C6-8B32-ED1F74353623}.Debug|Any CPU.Build.0 = Debug|Any CPU
		{A31728DD-9F4A-41C6-8B32-ED1F74353623}.Release|Any CPU.ActiveCfg = Release|Any CPU
		{A31728DD-9F4A-41C6-8B32-ED1F74353623}.Release|Any CPU.Build.0 = Release|Any CPU
	EndGlobalSection
	GlobalSection(SolutionProperties) = preSolution
		HideSolutionNode = FALSE
	EndGlobalSection
	GlobalSection(ExtensibilityGlobals) = postSolution
		SolutionGuid = {D021F0CA-38EB-4368-AE29-95BE12661913}
	EndGlobalSection
EndGlobal
